
Microsoft Visual Studio Solution File, Format Version 12.00
# Visual Studio Version 16
VisualStudioVersion = 16.0.30309.148
MinimumVisualStudioVersion = 10.0.40219.1
Project("{FAE04EC0-301F-11D3-BF4B-00C04F79EFBC}") = "monogame animation", "monogame animation\monogame animation.csproj", "{6DBF9967-8864-4FF4-A479-BADEE858AC13}"
EndProject
Global
	GlobalSection(SolutionConfigurationPlatforms) = preSolution
		Debug|Any CPU = Debug|Any CPU
		Release|Any CPU = Release|Any CPU
	EndGlobalSection
	GlobalSection(ProjectConfigurationPlatforms) = postSolution
		{6DBF9967-8864-4FF4-A479-BADEE858AC13}.Debug|Any CPU.ActiveCfg = Debug|Any CPU
		{6DBF9967-8864-4FF4-A479-BADEE858AC13}.Debug|Any CPU.Build.0 = Debug|Any CPU
		{6DBF9967-8864-4FF4-A479-BADEE858AC13}.Release|Any CPU.ActiveCfg = Release|Any CPU
		{6DBF9967-8864-4FF4-A479-BADEE858AC13}.Release|Any CPU.Build.0 = Release|Any CPU
	EndGlobalSection
	GlobalSection(SolutionProperties) = preSolution
		HideSolutionNode = FALSE
	EndGlobalSection
	GlobalSection(ExtensibilityGlobals) = postSolution
		SolutionGuid = {17D4973E-F5FD-4E3F-9468-AEC8BE031E8C}
	EndGlobalSection
EndGlobal
